
Microsoft Visual Studio Solution File, Format Version 12.00
# Visual Studio 15
VisualStudioVersion = 15.0.28307.168
MinimumVisualStudioVersion = 10.0.40219.1
Project("{FAE04EC0-301F-11D3-BF4B-00C04F79EFBC}") = "синтаксический анализатор", "синтаксический анализатор\синтаксический анализатор.csproj", "{4DF30B45-20DD-4FB7-B3A0-CAF349553C4C}"
EndProject
Global
	GlobalSection(SolutionConfigurationPlatforms) = preSolution
		Debug|Any CPU = Debug|Any CPU
		Release|Any CPU = Release|Any CPU
	EndGlobalSection
	GlobalSection(ProjectConfigurationPlatforms) = postSolution
		{4DF30B45-20DD-4FB7-B3A0-CAF349553C4C}.Debug|Any CPU.ActiveCfg = Debug|Any CPU
		{4DF30B45-20DD-4FB7-B3A0-CAF349553C4C}.Debug|Any CPU.Build.0 = Debug|Any CPU
		{4DF30B45-20DD-4FB7-B3A0-CAF349553C4C}.Release|Any CPU.ActiveCfg = Release|Any CPU
		{4DF30B45-20DD-4FB7-B3A0-CAF349553C4C}.Release|Any CPU.Build.0 = Release|Any CPU
	EndGlobalSection
	GlobalSection(SolutionProperties) = preSolution
		HideSolutionNode = FALSE
	EndGlobalSection
	GlobalSection(ExtensibilityGlobals) = postSolution
		SolutionGuid = {145E9A51-A5DB-4C7B-921B-4CDC5635F67A}
	EndGlobalSection
EndGlobal
